# This file is generated by running "yarn install" inside your project.
# Manual changes might be lost - proceed with caution!

__metadata:
  version: 4

"package1@workspace:workspaces/workspace1/packages/package1":
  version: 0.0.0-use.local
  resolution: "package1@workspace:workspaces/workspace1/packages/package1"
  languageName: unknown
  linkType: soft

"package2@workspace:workspaces/workspace2/packages/package2":
  version: 0.0.0-use.local
  resolution: "package2@workspace:workspaces/workspace2/packages/package2"
  dependencies:
    package1: "workspace:workspaces/workspace1/packages/package1"
  languageName: unknown
  linkType: soft

"root@workspace:.":
  version: 0.0.0-use.local
  resolution: "root@workspace:."
  languageName: unknown
  linkType: soft

"workspace1@workspace:workspaces/workspace1":
  version: 0.0.0-use.local
  resolution: "workspace1@workspace:workspaces/workspace1"
  languageName: unknown
  linkType: soft

"workspace2@workspace:workspaces/workspace2":
  version: 0.0.0-use.local
  resolution: "workspace2@workspace:workspaces/workspace2"
  languageName: unknown
  linkType: soft
